// !$*UTF8*$!
{
	archiveVersion = 1;
	classes = {
	};
	objectVersion = 51;
	objects = {

/* Begin PBXBuildFile section */
		5379947F23CF4006008A7CBB /* CEComposeVC.m in Sources */ = {isa = PBXBuildFile; fileRef = 5379947E23CF4006008A7CBB /* CEComposeVC.m */; };
		5379948523CF466D008A7CBB /* CEInputTextView.m in Sources */ = {isa = PBXBuildFile; fileRef = 5379948423CF466D008A7CBB /* CEInputTextView.m */; };
		537F803823CAC2C40064EE06 /* CEStatues.m in Sources */ = {isa = PBXBuildFile; fileRef = 537F803723CAC2C40064EE06 /* CEStatues.m */; };
		537F803B23CACF4B0064EE06 /* CEUser.m in Sources */ = {isa = PBXBuildFile; fileRef = 537F803A23CACF4B0064EE06 /* CEUser.m */; };
		537F803E23CAD3D70064EE06 /* CEPhoto.m in Sources */ = {isa = PBXBuildFile; fileRef = 537F803D23CAD3D70064EE06 /* CEPhoto.m */; };
		537F9C7723D0025D008A2565 /* CERefreshGifHeader.m in Sources */ = {isa = PBXBuildFile; fileRef = 537F9C7623D0025D008A2565 /* CERefreshGifHeader.m */; };
		53814D9E23C070CD0057245C /* UIView+Frame.m in Sources */ = {isa = PBXBuildFile; fileRef = 53814D9D23C070CD0057245C /* UIView+Frame.m */; };
		53814DA723C086E50057245C /* CETitleView.m in Sources */ = {isa = PBXBuildFile; fileRef = 53814DA623C086E50057245C /* CETitleView.m */; };
		5381964A23C2D45A0064B8FA /* CEDfaultCenterView.xib in Resources */ = {isa = PBXBuildFile; fileRef = 5381964923C2D45A0064B8FA /* CEDfaultCenterView.xib */; };
		5381964D23C2DAAD0064B8FA /* CEDefaultCenterView.m in Sources */ = {isa = PBXBuildFile; fileRef = 5381964C23C2DAAD0064B8FA /* CEDefaultCenterView.m */; };
		5381965023C2E36F0064B8FA /* CEDefaultCenterVC.m in Sources */ = {isa = PBXBuildFile; fileRef = 5381964F23C2E36F0064B8FA /* CEDefaultCenterVC.m */; };
		5381965323C3154A0064B8FA /* CEOAuthViewController.m in Sources */ = {isa = PBXBuildFile; fileRef = 5381965223C3154A0064B8FA /* CEOAuthViewController.m */; };
		5382CFFB23CF146500E6F332 /* NSDate+Extension.m in Sources */ = {isa = PBXBuildFile; fileRef = 5382CFFA23CF146500E6F332 /* NSDate+Extension.m */; };
		5387896D23B24E3B0083B362 /* LaunchScreen.storyboard in Resources */ = {isa = PBXBuildFile; fileRef = 5387896B23B24E3B0083B362 /* LaunchScreen.storyboard */; };
		538F6E0E23C9CDD600628251 /* UIImage+Extension.m in Sources */ = {isa = PBXBuildFile; fileRef = 538F6E0D23C9CDD600628251 /* UIImage+Extension.m */; };
		53CBB45B23C456660064C575 /* CEAccount.m in Sources */ = {isa = PBXBuildFile; fileRef = 53CBB45A23C456660064C575 /* CEAccount.m */; };
		53CBB46023C45E290064C575 /* CENewfeatureVC.m in Sources */ = {isa = PBXBuildFile; fileRef = 53CBB45E23C45E290064C575 /* CENewfeatureVC.m */; };
		53CBB46123C45E290064C575 /* CENewfeatureVC.xib in Resources */ = {isa = PBXBuildFile; fileRef = 53CBB45F23C45E290064C575 /* CENewfeatureVC.xib */; };
		53CBB46523C45E4A0064C575 /* CEWelcomeVC.m in Sources */ = {isa = PBXBuildFile; fileRef = 53CBB46323C45E4A0064C575 /* CEWelcomeVC.m */; };
		53CBB46623C45E4A0064C575 /* CEWelcomeVC.xib in Resources */ = {isa = PBXBuildFile; fileRef = 53CBB46423C45E4A0064C575 /* CEWelcomeVC.xib */; };
		53CBB46923C4685A0064C575 /* CEAccountTool.m in Sources */ = {isa = PBXBuildFile; fileRef = 53CBB46823C4685A0064C575 /* CEAccountTool.m */; };
		53CBB46F23C47B120064C575 /* UIWindow+Extension.m in Sources */ = {isa = PBXBuildFile; fileRef = 53CBB46E23C47B120064C575 /* UIWindow+Extension.m */; };
		53EBE28423BC80BC005E5B5A /* CEMyCardVC.m in Sources */ = {isa = PBXBuildFile; fileRef = 53EBE28323BC80BC005E5B5A /* CEMyCardVC.m */; };
		53EBE28C23BC8E87005E5B5A /* JMGenerateQRCodeUtils.m in Sources */ = {isa = PBXBuildFile; fileRef = 53EBE28B23BC8E87005E5B5A /* JMGenerateQRCodeUtils.m */; };
		53EBE28F23BC8EAE005E5B5A /* CEColorUtils.m in Sources */ = {isa = PBXBuildFile; fileRef = 53EBE28E23BC8EAE005E5B5A /* CEColorUtils.m */; };
		53F555FB23B8428A00CBECEA /* SceneDelegate.m in Sources */ = {isa = PBXBuildFile; fileRef = 53F555DB23B8428A00CBECEA /* SceneDelegate.m */; };
		53F555FC23B8428A00CBECEA /* main.m in Sources */ = {isa = PBXBuildFile; fileRef = 53F555DC23B8428A00CBECEA /* main.m */; };
		53F555FD23B8428A00CBECEA /* AppDelegate.m in Sources */ = {isa = PBXBuildFile; fileRef = 53F555DD23B8428A00CBECEA /* AppDelegate.m */; };
		53F5560A23B8429000CBECEA /* Assets.xcassets in Resources */ = {isa = PBXBuildFile; fileRef = 53F5560823B8429000CBECEA /* Assets.xcassets */; };
		53F5560E23B8451500CBECEA /* CEViewController.m in Sources */ = {isa = PBXBuildFile; fileRef = 53F5560D23B8451500CBECEA /* CEViewController.m */; };
		53F5561523B8455A00CBECEA /* CEItem.m in Sources */ = {isa = PBXBuildFile; fileRef = 53F5561023B8455A00CBECEA /* CEItem.m */; };
		53F5561623B8455A00CBECEA /* CETabBar.m in Sources */ = {isa = PBXBuildFile; fileRef = 53F5561123B8455A00CBECEA /* CETabBar.m */; };
		53F5561723B8455A00CBECEA /* CETabBar2.m in Sources */ = {isa = PBXBuildFile; fileRef = 53F5561423B8455A00CBECEA /* CETabBar2.m */; };
		53F5562523B8468D00CBECEA /* CEBarcodeVC.m in Sources */ = {isa = PBXBuildFile; fileRef = 53F5561923B8468C00CBECEA /* CEBarcodeVC.m */; };
		53F5562623B8468D00CBECEA /* CEStoryboard.storyboard in Resources */ = {isa = PBXBuildFile; fileRef = 53F5561D23B8468C00CBECEA /* CEStoryboard.storyboard */; };
		53F5562723B8468D00CBECEA /* CEScannerController.m in Sources */ = {isa = PBXBuildFile; fileRef = 53F5561E23B8468C00CBECEA /* CEScannerController.m */; };
		53F5562823B8468D00CBECEA /* CEQrcodeNav.m in Sources */ = {isa = PBXBuildFile; fileRef = 53F5561F23B8468D00CBECEA /* CEQrcodeNav.m */; };
		53F5562923B8468D00CBECEA /* CEHomeViewController.m in Sources */ = {isa = PBXBuildFile; fileRef = 53F5562023B8468D00CBECEA /* CEHomeViewController.m */; };
		53F5562A23B8468D00CBECEA /* CEQrcodeVC.m in Sources */ = {isa = PBXBuildFile; fileRef = 53F5562323B8468D00CBECEA /* CEQrcodeVC.m */; };
		53F5562B23B8468D00CBECEA /* CEBarcodeNav.m in Sources */ = {isa = PBXBuildFile; fileRef = 53F5562423B8468D00CBECEA /* CEBarcodeNav.m */; };
		53F5562E23B8469E00CBECEA /* CEDiscoverViewController.m in Sources */ = {isa = PBXBuildFile; fileRef = 53F5562D23B8469E00CBECEA /* CEDiscoverViewController.m */; };
		53F5563123B846C100CBECEA /* CEMessageViewController.m in Sources */ = {isa = PBXBuildFile; fileRef = 53F5563023B846C100CBECEA /* CEMessageViewController.m */; };
		53F5563423B846DA00CBECEA /* CEProfileViewController.m in Sources */ = {isa = PBXBuildFile; fileRef = 53F5563223B846D900CBECEA /* CEProfileViewController.m */; };
		53F5563723B846FA00CBECEA /* UIBarButtonItem+CEBarButtonItem.m in Sources */ = {isa = PBXBuildFile; fileRef = 53F5563623B846FA00CBECEA /* UIBarButtonItem+CEBarButtonItem.m */; };
		53F55DCF23BD8C1500180F20 /* CENavigationController.m in Sources */ = {isa = PBXBuildFile; fileRef = 53F55DCE23BD8C1500180F20 /* CENavigationController.m */; };
		CBBB85CBF8FD21B4F7840875 /* Pods_CEWeibo.framework in Frameworks */ = {isa = PBXBuildFile; fileRef = DEBB7AAA3E0D7BEACEA0439C /* Pods_CEWeibo.framework */; };
/* End PBXBuildFile section */

/* Begin PBXFileReference section */
		5379947423CF3E69008A7CBB /* .gitkeep */ = {isa = PBXFileReference; fileEncoding = 4; lastKnownFileType = text; path = .gitkeep; sourceTree = "<group>"; };
		5379947723CF3E69008A7CBB /* .gitkeep */ = {isa = PBXFileReference; fileEncoding = 4; lastKnownFileType = text; path = .gitkeep; sourceTree = "<group>"; };
		5379947D23CF4006008A7CBB /* CEComposeVC.h */ = {isa = PBXFileReference; lastKnownFileType = sourcecode.c.h; path = CEComposeVC.h; sourceTree = "<group>"; };
		5379947E23CF4006008A7CBB /* CEComposeVC.m */ = {isa = PBXFileReference; lastKnownFileType = sourcecode.c.objc; path = CEComposeVC.m; sourceTree = "<group>"; };
		5379948323CF466D008A7CBB /* CEInputTextView.h */ = {isa = PBXFileReference; lastKnownFileType = sourcecode.c.h; path = CEInputTextView.h; sourceTree = "<group>"; };
		5379948423CF466D008A7CBB /* CEInputTextView.m */ = {isa = PBXFileReference; lastKnownFileType = sourcecode.c.objc; path = CEInputTextView.m; sourceTree = "<group>"; };
		537F803623CAC2C40064EE06 /* CEStatues.h */ = {isa = PBXFileReference; lastKnownFileType = sourcecode.c.h; path = CEStatues.h; sourceTree = "<group>"; };
		537F803723CAC2C40064EE06 /* CEStatues.m */ = {isa = PBXFileReference; lastKnownFileType = sourcecode.c.objc; path = CEStatues.m; sourceTree = "<group>"; };
		537F803923CACF4B0064EE06 /* CEUser.h */ = {isa = PBXFileReference; lastKnownFileType = sourcecode.c.h; path = CEUser.h; sourceTree = "<group>"; };
		537F803A23CACF4B0064EE06 /* CEUser.m */ = {isa = PBXFileReference; lastKnownFileType = sourcecode.c.objc; path = CEUser.m; sourceTree = "<group>"; };
		537F803C23CAD3D70064EE06 /* CEPhoto.h */ = {isa = PBXFileReference; lastKnownFileType = sourcecode.c.h; path = CEPhoto.h; sourceTree = "<group>"; };
		537F803D23CAD3D70064EE06 /* CEPhoto.m */ = {isa = PBXFileReference; lastKnownFileType = sourcecode.c.objc; path = CEPhoto.m; sourceTree = "<group>"; };
		537F9C7523D0025D008A2565 /* CERefreshGifHeader.h */ = {isa = PBXFileReference; lastKnownFileType = sourcecode.c.h; path = CERefreshGifHeader.h; sourceTree = "<group>"; };
		537F9C7623D0025D008A2565 /* CERefreshGifHeader.m */ = {isa = PBXFileReference; lastKnownFileType = sourcecode.c.objc; path = CERefreshGifHeader.m; sourceTree = "<group>"; };
		53814D9C23C070CD0057245C /* UIView+Frame.h */ = {isa = PBXFileReference; lastKnownFileType = sourcecode.c.h; path = "UIView+Frame.h"; sourceTree = "<group>"; };
		53814D9D23C070CD0057245C /* UIView+Frame.m */ = {isa = PBXFileReference; lastKnownFileType = sourcecode.c.objc; path = "UIView+Frame.m"; sourceTree = "<group>"; };
		53814DA523C086E50057245C /* CETitleView.h */ = {isa = PBXFileReference; lastKnownFileType = sourcecode.c.h; path = CETitleView.h; sourceTree = "<group>"; };
		53814DA623C086E50057245C /* CETitleView.m */ = {isa = PBXFileReference; lastKnownFileType = sourcecode.c.objc; path = CETitleView.m; sourceTree = "<group>"; };
		5381964923C2D45A0064B8FA /* CEDfaultCenterView.xib */ = {isa = PBXFileReference; lastKnownFileType = file.xib; path = CEDfaultCenterView.xib; sourceTree = "<group>"; };
		5381964B23C2DAAD0064B8FA /* CEDefaultCenterView.h */ = {isa = PBXFileReference; lastKnownFileType = sourcecode.c.h; path = CEDefaultCenterView.h; sourceTree = "<group>"; };
		5381964C23C2DAAD0064B8FA /* CEDefaultCenterView.m */ = {isa = PBXFileReference; lastKnownFileType = sourcecode.c.objc; path = CEDefaultCenterView.m; sourceTree = "<group>"; };
		5381964E23C2E36F0064B8FA /* CEDefaultCenterVC.h */ = {isa = PBXFileReference; lastKnownFileType = sourcecode.c.h; path = CEDefaultCenterVC.h; sourceTree = "<group>"; };
		5381964F23C2E36F0064B8FA /* CEDefaultCenterVC.m */ = {isa = PBXFileReference; lastKnownFileType = sourcecode.c.objc; path = CEDefaultCenterVC.m; sourceTree = "<group>"; };
		5381965123C3154A0064B8FA /* CEOAuthViewController.h */ = {isa = PBXFileReference; lastKnownFileType = sourcecode.c.h; path = CEOAuthViewController.h; sourceTree = "<group>"; };
		5381965223C3154A0064B8FA /* CEOAuthViewController.m */ = {isa = PBXFileReference; lastKnownFileType = sourcecode.c.objc; path = CEOAuthViewController.m; sourceTree = "<group>"; };
		53824DE823B9EBE000B32FE9 /* CEWeibo-Bridging-Header.h */ = {isa = PBXFileReference; lastKnownFileType = sourcecode.c.h; path = "CEWeibo-Bridging-Header.h"; sourceTree = "<group>"; };
		5382CFF923CF146500E6F332 /* NSDate+Extension.h */ = {isa = PBXFileReference; lastKnownFileType = sourcecode.c.h; path = "NSDate+Extension.h"; sourceTree = "<group>"; };
		5382CFFA23CF146500E6F332 /* NSDate+Extension.m */ = {isa = PBXFileReference; lastKnownFileType = sourcecode.c.objc; path = "NSDate+Extension.m"; sourceTree = "<group>"; };
		5387895A23B24E390083B362 /* CEWeibo.app */ = {isa = PBXFileReference; explicitFileType = wrapper.application; includeInIndex = 0; path = CEWeibo.app; sourceTree = BUILT_PRODUCTS_DIR; };
		5387896C23B24E3B0083B362 /* Base */ = {isa = PBXFileReference; lastKnownFileType = file.storyboard; name = Base; path = Base.lproj/LaunchScreen.storyboard; sourceTree = "<group>"; };
		538F6E0C23C9CDD600628251 /* UIImage+Extension.h */ = {isa = PBXFileReference; lastKnownFileType = sourcecode.c.h; path = "UIImage+Extension.h"; sourceTree = "<group>"; };
		538F6E0D23C9CDD600628251 /* UIImage+Extension.m */ = {isa = PBXFileReference; lastKnownFileType = sourcecode.c.objc; path = "UIImage+Extension.m"; sourceTree = "<group>"; };
		53CBB45923C456660064C575 /* CEAccount.h */ = {isa = PBXFileReference; lastKnownFileType = sourcecode.c.h; path = CEAccount.h; sourceTree = "<group>"; };
		53CBB45A23C456660064C575 /* CEAccount.m */ = {isa = PBXFileReference; lastKnownFileType = sourcecode.c.objc; path = CEAccount.m; sourceTree = "<group>"; };
		53CBB45D23C45E290064C575 /* CENewfeatureVC.h */ = {isa = PBXFileReference; lastKnownFileType = sourcecode.c.h; path = CENewfeatureVC.h; sourceTree = "<group>"; };
		53CBB45E23C45E290064C575 /* CENewfeatureVC.m */ = {isa = PBXFileReference; lastKnownFileType = sourcecode.c.objc; path = CENewfeatureVC.m; sourceTree = "<group>"; };
		53CBB45F23C45E290064C575 /* CENewfeatureVC.xib */ = {isa = PBXFileReference; lastKnownFileType = file.xib; path = CENewfeatureVC.xib; sourceTree = "<group>"; };
		53CBB46223C45E4A0064C575 /* CEWelcomeVC.h */ = {isa = PBXFileReference; lastKnownFileType = sourcecode.c.h; path = CEWelcomeVC.h; sourceTree = "<group>"; };
		53CBB46323C45E4A0064C575 /* CEWelcomeVC.m */ = {isa = PBXFileReference; lastKnownFileType = sourcecode.c.objc; path = CEWelcomeVC.m; sourceTree = "<group>"; };
		53CBB46423C45E4A0064C575 /* CEWelcomeVC.xib */ = {isa = PBXFileReference; lastKnownFileType = file.xib; path = CEWelcomeVC.xib; sourceTree = "<group>"; };
		53CBB46723C4685A0064C575 /* CEAccountTool.h */ = {isa = PBXFileReference; lastKnownFileType = sourcecode.c.h; path = CEAccountTool.h; sourceTree = "<group>"; };
		53CBB46823C4685A0064C575 /* CEAccountTool.m */ = {isa = PBXFileReference; lastKnownFileType = sourcecode.c.objc; path = CEAccountTool.m; sourceTree = "<group>"; };
		53CBB46D23C47B120064C575 /* UIWindow+Extension.h */ = {isa = PBXFileReference; lastKnownFileType = sourcecode.c.h; path = "UIWindow+Extension.h"; sourceTree = "<group>"; };
		53CBB46E23C47B120064C575 /* UIWindow+Extension.m */ = {isa = PBXFileReference; lastKnownFileType = sourcecode.c.objc; path = "UIWindow+Extension.m"; sourceTree = "<group>"; };
		53D819AC23B2FB7D0050C650 /* PrefixHeader.pch */ = {isa = PBXFileReference; lastKnownFileType = sourcecode.c.h; path = PrefixHeader.pch; sourceTree = "<group>"; };
		53EBE28223BC80BC005E5B5A /* CEMyCardVC.h */ = {isa = PBXFileReference; lastKnownFileType = sourcecode.c.h; path = CEMyCardVC.h; sourceTree = "<group>"; };
		53EBE28323BC80BC005E5B5A /* CEMyCardVC.m */ = {isa = PBXFileReference; lastKnownFileType = sourcecode.c.objc; path = CEMyCardVC.m; sourceTree = "<group>"; };
		53EBE28A23BC8E87005E5B5A /* JMGenerateQRCodeUtils.h */ = {isa = PBXFileReference; fileEncoding = 4; lastKnownFileType = sourcecode.c.h; path = JMGenerateQRCodeUtils.h; sourceTree = "<group>"; };
		53EBE28B23BC8E87005E5B5A /* JMGenerateQRCodeUtils.m */ = {isa = PBXFileReference; fileEncoding = 4; lastKnownFileType = sourcecode.c.objc; path = JMGenerateQRCodeUtils.m; sourceTree = "<group>"; };
		53EBE28D23BC8EAE005E5B5A /* CEColorUtils.h */ = {isa = PBXFileReference; lastKnownFileType = sourcecode.c.h; path = CEColorUtils.h; sourceTree = "<group>"; };
		53EBE28E23BC8EAE005E5B5A /* CEColorUtils.m */ = {isa = PBXFileReference; lastKnownFileType = sourcecode.c.objc; path = CEColorUtils.m; sourceTree = "<group>"; };
		53F555CB23B8428A00CBECEA /* .gitkeep */ = {isa = PBXFileReference; fileEncoding = 4; lastKnownFileType = text; path = .gitkeep; sourceTree = "<group>"; };
		53F555CD23B8428A00CBECEA /* .gitkeep */ = {isa = PBXFileReference; fileEncoding = 4; lastKnownFileType = text; path = .gitkeep; sourceTree = "<group>"; };
		53F555CF23B8428A00CBECEA /* .gitkeep */ = {isa = PBXFileReference; fileEncoding = 4; lastKnownFileType = text; path = .gitkeep; sourceTree = "<group>"; };
		53F555D223B8428A00CBECEA /* .gitkeep */ = {isa = PBXFileReference; fileEncoding = 4; lastKnownFileType = text; path = .gitkeep; sourceTree = "<group>"; };
		53F555D423B8428A00CBECEA /* .gitkeep */ = {isa = PBXFileReference; fileEncoding = 4; lastKnownFileType = text; path = .gitkeep; sourceTree = "<group>"; };
		53F555D623B8428A00CBECEA /* .gitkeep */ = {isa = PBXFileReference; fileEncoding = 4; lastKnownFileType = text; path = .gitkeep; sourceTree = "<group>"; };
		53F555D823B8428A00CBECEA /* AppDelegate.h */ = {isa = PBXFileReference; fileEncoding = 4; lastKnownFileType = sourcecode.c.h; path = AppDelegate.h; sourceTree = "<group>"; };
		53F555DA23B8428A00CBECEA /* .gitkeep */ = {isa = PBXFileReference; fileEncoding = 4; lastKnownFileType = text; path = .gitkeep; sourceTree = "<group>"; };
		53F555DB23B8428A00CBECEA /* SceneDelegate.m */ = {isa = PBXFileReference; fileEncoding = 4; lastKnownFileType = sourcecode.c.objc; path = SceneDelegate.m; sourceTree = "<group>"; };
		53F555DC23B8428A00CBECEA /* main.m */ = {isa = PBXFileReference; fileEncoding = 4; lastKnownFileType = sourcecode.c.objc; path = main.m; sourceTree = "<group>"; };
		53F555DD23B8428A00CBECEA /* AppDelegate.m */ = {isa = PBXFileReference; fileEncoding = 4; lastKnownFileType = sourcecode.c.objc; path = AppDelegate.m; sourceTree = "<group>"; };
		53F555DE23B8428A00CBECEA /* SceneDelegate.h */ = {isa = PBXFileReference; fileEncoding = 4; lastKnownFileType = sourcecode.c.h; path = SceneDelegate.h; sourceTree = "<group>"; };
		53F555E123B8428A00CBECEA /* .gitkeep */ = {isa = PBXFileReference; fileEncoding = 4; lastKnownFileType = text; path = .gitkeep; sourceTree = "<group>"; };
		53F555E323B8428A00CBECEA /* .gitkeep */ = {isa = PBXFileReference; fileEncoding = 4; lastKnownFileType = text; path = .gitkeep; sourceTree = "<group>"; };
		53F555E523B8428A00CBECEA /* .gitkeep */ = {isa = PBXFileReference; fileEncoding = 4; lastKnownFileType = text; path = .gitkeep; sourceTree = "<group>"; };
		53F555E823B8428A00CBECEA /* .gitkeep */ = {isa = PBXFileReference; fileEncoding = 4; lastKnownFileType = text; path = .gitkeep; sourceTree = "<group>"; };
		53F555EA23B8428A00CBECEA /* .gitkeep */ = {isa = PBXFileReference; fileEncoding = 4; lastKnownFileType = text; path = .gitkeep; sourceTree = "<group>"; };
		53F555EC23B8428A00CBECEA /* .gitkeep */ = {isa = PBXFileReference; fileEncoding = 4; lastKnownFileType = text; path = .gitkeep; sourceTree = "<group>"; };
		53F555EF23B8428A00CBECEA /* .gitkeep */ = {isa = PBXFileReference; fileEncoding = 4; lastKnownFileType = text; path = .gitkeep; sourceTree = "<group>"; };
		53F555F123B8428A00CBECEA /* .gitkeep */ = {isa = PBXFileReference; fileEncoding = 4; lastKnownFileType = text; path = .gitkeep; sourceTree = "<group>"; };
		53F555F323B8428A00CBECEA /* .gitkeep */ = {isa = PBXFileReference; fileEncoding = 4; lastKnownFileType = text; path = .gitkeep; sourceTree = "<group>"; };
		53F5560823B8429000CBECEA /* Assets.xcassets */ = {isa = PBXFileReference; lastKnownFileType = folder.assetcatalog; path = Assets.xcassets; sourceTree = "<group>"; };
		53F5560923B8429000CBECEA /* Info.plist */ = {isa = PBXFileReference; fileEncoding = 4; lastKnownFileType = text.plist.xml; path = Info.plist; sourceTree = "<group>"; };
		53F5560C23B8451400CBECEA /* CEViewController.h */ = {isa = PBXFileReference; fileEncoding = 4; lastKnownFileType = sourcecode.c.h; path = CEViewController.h; sourceTree = "<group>"; };
		53F5560D23B8451500CBECEA /* CEViewController.m */ = {isa = PBXFileReference; fileEncoding = 4; lastKnownFileType = sourcecode.c.objc; path = CEViewController.m; sourceTree = "<group>"; };
		53F5560F23B8455A00CBECEA /* CETabBar.h */ = {isa = PBXFileReference; fileEncoding = 4; lastKnownFileType = sourcecode.c.h; path = CETabBar.h; sourceTree = "<group>"; };
		53F5561023B8455A00CBECEA /* CEItem.m */ = {isa = PBXFileReference; fileEncoding = 4; lastKnownFileType = sourcecode.c.objc; path = CEItem.m; sourceTree = "<group>"; };
		53F5561123B8455A00CBECEA /* CETabBar.m */ = {isa = PBXFileReference; fileEncoding = 4; lastKnownFileType = sourcecode.c.objc; path = CETabBar.m; sourceTree = "<group>"; };
		53F5561223B8455A00CBECEA /* CETabBar2.h */ = {isa = PBXFileReference; fileEncoding = 4; lastKnownFileType = sourcecode.c.h; path = CETabBar2.h; sourceTree = "<group>"; };
		53F5561323B8455A00CBECEA /* CEItem.h */ = {isa = PBXFileReference; fileEncoding = 4; lastKnownFileType = sourcecode.c.h; path = CEItem.h; sourceTree = "<group>"; };
		53F5561423B8455A00CBECEA /* CETabBar2.m */ = {isa = PBXFileReference; fileEncoding = 4; lastKnownFileType = sourcecode.c.objc; path = CETabBar2.m; sourceTree = "<group>"; };
		53F5561823B8468C00CBECEA /* CEHomeViewController.h */ = {isa = PBXFileReference; fileEncoding = 4; lastKnownFileType = sourcecode.c.h; path = CEHomeViewController.h; sourceTree = "<group>"; };
		53F5561923B8468C00CBECEA /* CEBarcodeVC.m */ = {isa = PBXFileReference; fileEncoding = 4; lastKnownFileType = sourcecode.c.objc; path = CEBarcodeVC.m; sourceTree = "<group>"; };
		53F5561A23B8468C00CBECEA /* CEQrcodeVC.h */ = {isa = PBXFileReference; fileEncoding = 4; lastKnownFileType = sourcecode.c.h; path = CEQrcodeVC.h; sourceTree = "<group>"; };
		53F5561B23B8468C00CBECEA /* CEQrcodeNav.h */ = {isa = PBXFileReference; fileEncoding = 4; lastKnownFileType = sourcecode.c.h; path = CEQrcodeNav.h; sourceTree = "<group>"; };
		53F5561C23B8468C00CBECEA /* CEBarcodeVC.h */ = {isa = PBXFileReference; fileEncoding = 4; lastKnownFileType = sourcecode.c.h; path = CEBarcodeVC.h; sourceTree = "<group>"; };
		53F5561D23B8468C00CBECEA /* CEStoryboard.storyboard */ = {isa = PBXFileReference; fileEncoding = 4; lastKnownFileType = file.storyboard; path = CEStoryboard.storyboard; sourceTree = "<group>"; };
		53F5561E23B8468C00CBECEA /* CEScannerController.m */ = {isa = PBXFileReference; fileEncoding = 4; lastKnownFileType = sourcecode.c.objc; path = CEScannerController.m; sourceTree = "<group>"; };
		53F5561F23B8468D00CBECEA /* CEQrcodeNav.m */ = {isa = PBXFileReference; fileEncoding = 4; lastKnownFileType = sourcecode.c.objc; path = CEQrcodeNav.m; sourceTree = "<group>"; };
		53F5562023B8468D00CBECEA /* CEHomeViewController.m */ = {isa = PBXFileReference; fileEncoding = 4; lastKnownFileType = sourcecode.c.objc; path = CEHomeViewController.m; sourceTree = "<group>"; };
		53F5562123B8468D00CBECEA /* CEScannerController.h */ = {isa = PBXFileReference; fileEncoding = 4; lastKnownFileType = sourcecode.c.h; path = CEScannerController.h; sourceTree = "<group>"; };
		53F5562223B8468D00CBECEA /* CEBarcodeNav.h */ = {isa = PBXFileReference; fileEncoding = 4; lastKnownFileType = sourcecode.c.h; path = CEBarcodeNav.h; sourceTree = "<group>"; };
		53F5562323B8468D00CBECEA /* CEQrcodeVC.m */ = {isa = PBXFileReference; fileEncoding = 4; lastKnownFileType = sourcecode.c.objc; path = CEQrcodeVC.m; sourceTree = "<group>"; };
		53F5562423B8468D00CBECEA /* CEBarcodeNav.m */ = {isa = PBXFileReference; fileEncoding = 4; lastKnownFileType = sourcecode.c.objc; path = CEBarcodeNav.m; sourceTree = "<group>"; };
		53F5562C23B8469E00CBECEA /* CEDiscoverViewController.h */ = {isa = PBXFileReference; fileEncoding = 4; lastKnownFileType = sourcecode.c.h; path = CEDiscoverViewController.h; sourceTree = "<group>"; };
		53F5562D23B8469E00CBECEA /* CEDiscoverViewController.m */ = {isa = PBXFileReference; fileEncoding = 4; lastKnownFileType = sourcecode.c.objc; path = CEDiscoverViewController.m; sourceTree = "<group>"; };
		53F5562F23B846C100CBECEA /* CEMessageViewController.h */ = {isa = PBXFileReference; fileEncoding = 4; lastKnownFileType = sourcecode.c.h; path = CEMessageViewController.h; sourceTree = "<group>"; };
		53F5563023B846C100CBECEA /* CEMessageViewController.m */ = {isa = PBXFileReference; fileEncoding = 4; lastKnownFileType = sourcecode.c.objc; path = CEMessageViewController.m; sourceTree = "<group>"; };
		53F5563223B846D900CBECEA /* CEProfileViewController.m */ = {isa = PBXFileReference; fileEncoding = 4; lastKnownFileType = sourcecode.c.objc; path = CEProfileViewController.m; sourceTree = "<group>"; };
		53F5563323B846DA00CBECEA /* CEProfileViewController.h */ = {isa = PBXFileReference; fileEncoding = 4; lastKnownFileType = sourcecode.c.h; path = CEProfileViewController.h; sourceTree = "<group>"; };
		53F5563523B846FA00CBECEA /* UIBarButtonItem+CEBarButtonItem.h */ = {isa = PBXFileReference; fileEncoding = 4; lastKnownFileType = sourcecode.c.h; path = "UIBarButtonItem+CEBarButtonItem.h"; sourceTree = "<group>"; };
		53F5563623B846FA00CBECEA /* UIBarButtonItem+CEBarButtonItem.m */ = {isa = PBXFileReference; fileEncoding = 4; lastKnownFileType = sourcecode.c.objc; path = "UIBarButtonItem+CEBarButtonItem.m"; sourceTree = "<group>"; };
		53F55DCD23BD8C1500180F20 /* CENavigationController.h */ = {isa = PBXFileReference; lastKnownFileType = sourcecode.c.h; path = CENavigationController.h; sourceTree = "<group>"; };
		53F55DCE23BD8C1500180F20 /* CENavigationController.m */ = {isa = PBXFileReference; lastKnownFileType = sourcecode.c.objc; path = CENavigationController.m; sourceTree = "<group>"; };
		BEA15D1F7D6CA2903994C0A5 /* Pods-CEWeibo.release.xcconfig */ = {isa = PBXFileReference; includeInIndex = 1; lastKnownFileType = text.xcconfig; name = "Pods-CEWeibo.release.xcconfig"; path = "Target Support Files/Pods-CEWeibo/Pods-CEWeibo.release.xcconfig"; sourceTree = "<group>"; };
		C9EBFC6CA5FD2F000D444A61 /* Pods-CEWeibo.debug.xcconfig */ = {isa = PBXFileReference; includeInIndex = 1; lastKnownFileType = text.xcconfig; name = "Pods-CEWeibo.debug.xcconfig"; path = "Target Support Files/Pods-CEWeibo/Pods-CEWeibo.debug.xcconfig"; sourceTree = "<group>"; };
		DEBB7AAA3E0D7BEACEA0439C /* Pods_CEWeibo.framework */ = {isa = PBXFileReference; explicitFileType = wrapper.framework; includeInIndex = 0; path = Pods_CEWeibo.framework; sourceTree = BUILT_PRODUCTS_DIR; };
/* End PBXFileReference section */

/* Begin PBXFrameworksBuildPhase section */
		5387895723B24E390083B362 /* Frameworks */ = {
			isa = PBXFrameworksBuildPhase;
			buildActionMask = 2147483647;
			files = (
				CBBB85CBF8FD21B4F7840875 /* Pods_CEWeibo.framework in Frameworks */,
			);
			runOnlyForDeploymentPostprocessing = 0;
		};
/* End PBXFrameworksBuildPhase section */

/* Begin PBXGroup section */
		5379947223CF3E69008A7CBB /* Compose */ = {
			isa = PBXGroup;
			children = (
				5379947323CF3E69008A7CBB /* Models */,
				5379947523CF3E69008A7CBB /* Controllers */,
				5379947623CF3E69008A7CBB /* Views */,
			);
			path = Compose;
			sourceTree = "<group>";
		};
		5379947323CF3E69008A7CBB /* Models */ = {
			isa = PBXGroup;
			children = (
				5379947423CF3E69008A7CBB /* .gitkeep */,
			);
			path = Models;
			sourceTree = "<group>";
		};
		5379947523CF3E69008A7CBB /* Controllers */ = {
			isa = PBXGroup;
			children = (
				5379947D23CF4006008A7CBB /* CEComposeVC.h */,
				5379947E23CF4006008A7CBB /* CEComposeVC.m */,
			);
			path = Controllers;
			sourceTree = "<group>";
		};
		5379947623CF3E69008A7CBB /* Views */ = {
			isa = PBXGroup;
			children = (
				5379947723CF3E69008A7CBB /* .gitkeep */,
				5379948323CF466D008A7CBB /* CEInputTextView.h */,
				5379948423CF466D008A7CBB /* CEInputTextView.m */,
			);
			path = Views;
			sourceTree = "<group>";
		};
		5379EE9223C36E3400690CD0 /* OAuth */ = {
			isa = PBXGroup;
			children = (
				5379EE9523C36E7B00690CD0 /* Tool */,
				5379EE9423C36E6F00690CD0 /* Model */,
				5379EE9323C36E5E00690CD0 /* Controller */,
			);
			path = OAuth;
			sourceTree = "<group>";
		};
		5379EE9323C36E5E00690CD0 /* Controller */ = {
			isa = PBXGroup;
			children = (
				5381965123C3154A0064B8FA /* CEOAuthViewController.h */,
				5381965223C3154A0064B8FA /* CEOAuthViewController.m */,
			);
			path = Controller;
			sourceTree = "<group>";
		};
		5379EE9423C36E6F00690CD0 /* Model */ = {
			isa = PBXGroup;
			children = (
				53CBB45923C456660064C575 /* CEAccount.h */,
				53CBB45A23C456660064C575 /* CEAccount.m */,
			);
			path = Model;
			sourceTree = "<group>";
		};
		5379EE9523C36E7B00690CD0 /* Tool */ = {
			isa = PBXGroup;
			children = (
				53CBB46723C4685A0064C575 /* CEAccountTool.h */,
				53CBB46823C4685A0064C575 /* CEAccountTool.m */,
			);
			path = Tool;
			sourceTree = "<group>";
		};
		5387895123B24E390083B362 = {
			isa = PBXGroup;
			children = (
				53D819AC23B2FB7D0050C650 /* PrefixHeader.pch */,
				5387895C23B24E390083B362 /* CEWeibo */,
				5387895B23B24E390083B362 /* Products */,
				A902C18590F7E21387DBD0C3 /* Pods */,
				AB0E4C16BE28747535E5B017 /* Frameworks */,
			);
			sourceTree = "<group>";
		};
		5387895B23B24E390083B362 /* Products */ = {
			isa = PBXGroup;
			children = (
				5387895A23B24E390083B362 /* CEWeibo.app */,
			);
			name = Products;
			sourceTree = "<group>";
		};
		5387895C23B24E390083B362 /* CEWeibo */ = {
			isa = PBXGroup;
			children = (
				53F5560723B8429000CBECEA /* SupportFiles */,
				53F555C823B8428A00CBECEA /* Classes */,
				5387896B23B24E3B0083B362 /* LaunchScreen.storyboard */,
			);
			path = CEWeibo;
			sourceTree = "<group>";
		};
		53CBB45C23C45D910064C575 /* Welcome */ = {
			isa = PBXGroup;
			children = (
				53CBB45D23C45E290064C575 /* CENewfeatureVC.h */,
				53CBB45E23C45E290064C575 /* CENewfeatureVC.m */,
				53CBB45F23C45E290064C575 /* CENewfeatureVC.xib */,
				53CBB46223C45E4A0064C575 /* CEWelcomeVC.h */,
				53CBB46323C45E4A0064C575 /* CEWelcomeVC.m */,
				53CBB46423C45E4A0064C575 /* CEWelcomeVC.xib */,
			);
			path = Welcome;
			sourceTree = "<group>";
		};
		53EBE28923BC8E58005E5B5A /* Utilities */ = {
			isa = PBXGroup;
			children = (
				53EBE28A23BC8E87005E5B5A /* JMGenerateQRCodeUtils.h */,
				53EBE28B23BC8E87005E5B5A /* JMGenerateQRCodeUtils.m */,
				53EBE28D23BC8EAE005E5B5A /* CEColorUtils.h */,
				53EBE28E23BC8EAE005E5B5A /* CEColorUtils.m */,
			);
			path = Utilities;
			sourceTree = "<group>";
		};
		53F555C823B8428A00CBECEA /* Classes */ = {
			isa = PBXGroup;
			children = (
				5379947223CF3E69008A7CBB /* Compose */,
				53CBB45C23C45D910064C575 /* Welcome */,
				5379EE9223C36E3400690CD0 /* OAuth */,
				53F555C923B8428A00CBECEA /* Home */,
				53F555D023B8428A00CBECEA /* Discover */,
				53F555D723B8428A00CBECEA /* Other */,
				53F555DF23B8428A00CBECEA /* Message */,
				53F555E623B8428A00CBECEA /* Profile */,
				53F555ED23B8428A00CBECEA /* Main */,
			);
			path = Classes;
			sourceTree = "<group>";
		};
		53F555C923B8428A00CBECEA /* Home */ = {
			isa = PBXGroup;
			children = (
				53F555CA23B8428A00CBECEA /* Models */,
				53F555CC23B8428A00CBECEA /* Controllers */,
				53F555CE23B8428A00CBECEA /* Views */,
			);
			path = Home;
			sourceTree = "<group>";
		};
		53F555CA23B8428A00CBECEA /* Models */ = {
			isa = PBXGroup;
			children = (
				53F555CB23B8428A00CBECEA /* .gitkeep */,
				537F803623CAC2C40064EE06 /* CEStatues.h */,
				537F803723CAC2C40064EE06 /* CEStatues.m */,
				537F803923CACF4B0064EE06 /* CEUser.h */,
				537F803A23CACF4B0064EE06 /* CEUser.m */,
				537F803C23CAD3D70064EE06 /* CEPhoto.h */,
				537F803D23CAD3D70064EE06 /* CEPhoto.m */,
			);
			path = Models;
			sourceTree = "<group>";
		};
		53F555CC23B8428A00CBECEA /* Controllers */ = {
			isa = PBXGroup;
			children = (
				53F5562223B8468D00CBECEA /* CEBarcodeNav.h */,
				53F5562423B8468D00CBECEA /* CEBarcodeNav.m */,
				53F5561C23B8468C00CBECEA /* CEBarcodeVC.h */,
				53F5561923B8468C00CBECEA /* CEBarcodeVC.m */,
				53F5561823B8468C00CBECEA /* CEHomeViewController.h */,
				53F5562023B8468D00CBECEA /* CEHomeViewController.m */,
				53F5561B23B8468C00CBECEA /* CEQrcodeNav.h */,
				53F5561F23B8468D00CBECEA /* CEQrcodeNav.m */,
				53F5561A23B8468C00CBECEA /* CEQrcodeVC.h */,
				53F5562323B8468D00CBECEA /* CEQrcodeVC.m */,
				53F5562123B8468D00CBECEA /* CEScannerController.h */,
				53F5561E23B8468C00CBECEA /* CEScannerController.m */,
				53EBE28223BC80BC005E5B5A /* CEMyCardVC.h */,
				53EBE28323BC80BC005E5B5A /* CEMyCardVC.m */,
				53F5561D23B8468C00CBECEA /* CEStoryboard.storyboard */,
				53F555CD23B8428A00CBECEA /* .gitkeep */,
			);
			path = Controllers;
			sourceTree = "<group>";
		};
		53F555CE23B8428A00CBECEA /* Views */ = {
			isa = PBXGroup;
			children = (
				53F555CF23B8428A00CBECEA /* .gitkeep */,
				53814DA523C086E50057245C /* CETitleView.h */,
				53814DA623C086E50057245C /* CETitleView.m */,
				537F9C7523D0025D008A2565 /* CERefreshGifHeader.h */,
				537F9C7623D0025D008A2565 /* CERefreshGifHeader.m */,
			);
			path = Views;
			sourceTree = "<group>";
		};
		53F555D023B8428A00CBECEA /* Discover */ = {
			isa = PBXGroup;
			children = (
				53F555D123B8428A00CBECEA /* Models */,
				53F555D323B8428A00CBECEA /* Controllers */,
				53F555D523B8428A00CBECEA /* Views */,
			);
			path = Discover;
			sourceTree = "<group>";
		};
		53F555D123B8428A00CBECEA /* Models */ = {
			isa = PBXGroup;
			children = (
				53F555D223B8428A00CBECEA /* .gitkeep */,
			);
			path = Models;
			sourceTree = "<group>";
		};
		53F555D323B8428A00CBECEA /* Controllers */ = {
			isa = PBXGroup;
			children = (
				53F5562C23B8469E00CBECEA /* CEDiscoverViewController.h */,
				53F5562D23B8469E00CBECEA /* CEDiscoverViewController.m */,
				53F555D423B8428A00CBECEA /* .gitkeep */,
			);
			path = Controllers;
			sourceTree = "<group>";
		};
		53F555D523B8428A00CBECEA /* Views */ = {
			isa = PBXGroup;
			children = (
				53F555D623B8428A00CBECEA /* .gitkeep */,
			);
			path = Views;
			sourceTree = "<group>";
		};
		53F555D723B8428A00CBECEA /* Other */ = {
			isa = PBXGroup;
			children = (
				53EBE28923BC8E58005E5B5A /* Utilities */,
				53F555DC23B8428A00CBECEA /* main.m */,
				53F555D823B8428A00CBECEA /* AppDelegate.h */,
				53F555DD23B8428A00CBECEA /* AppDelegate.m */,
				53F555DE23B8428A00CBECEA /* SceneDelegate.h */,
				53F555DB23B8428A00CBECEA /* SceneDelegate.m */,
				53F555D923B8428A00CBECEA /* Category */,
			);
			path = Other;
			sourceTree = "<group>";
		};
		53F555D923B8428A00CBECEA /* Category */ = {
			isa = PBXGroup;
			children = (
				53814D9C23C070CD0057245C /* UIView+Frame.h */,
				53814D9D23C070CD0057245C /* UIView+Frame.m */,
				53F5563523B846FA00CBECEA /* UIBarButtonItem+CEBarButtonItem.h */,
				53F5563623B846FA00CBECEA /* UIBarButtonItem+CEBarButtonItem.m */,
				53F555DA23B8428A00CBECEA /* .gitkeep */,
				53CBB46D23C47B120064C575 /* UIWindow+Extension.h */,
				53CBB46E23C47B120064C575 /* UIWindow+Extension.m */,
				538F6E0C23C9CDD600628251 /* UIImage+Extension.h */,
				538F6E0D23C9CDD600628251 /* UIImage+Extension.m */,
				5382CFF923CF146500E6F332 /* NSDate+Extension.h */,
				5382CFFA23CF146500E6F332 /* NSDate+Extension.m */,
			);
			path = Category;
			sourceTree = "<group>";
		};
		53F555DF23B8428A00CBECEA /* Message */ = {
			isa = PBXGroup;
			children = (
				53F555E023B8428A00CBECEA /* Models */,
				53F555E223B8428A00CBECEA /* Controllers */,
				53F555E423B8428A00CBECEA /* Views */,
			);
			path = Message;
			sourceTree = "<group>";
		};
		53F555E023B8428A00CBECEA /* Models */ = {
			isa = PBXGroup;
			children = (
				53F555E123B8428A00CBECEA /* .gitkeep */,
			);
			path = Models;
			sourceTree = "<group>";
		};
		53F555E223B8428A00CBECEA /* Controllers */ = {
			isa = PBXGroup;
			children = (
				53F5562F23B846C100CBECEA /* CEMessageViewController.h */,
				53F5563023B846C100CBECEA /* CEMessageViewController.m */,
				53F555E323B8428A00CBECEA /* .gitkeep */,
			);
			path = Controllers;
			sourceTree = "<group>";
		};
		53F555E423B8428A00CBECEA /* Views */ = {
			isa = PBXGroup;
			children = (
				53F555E523B8428A00CBECEA /* .gitkeep */,
			);
			path = Views;
			sourceTree = "<group>";
		};
		53F555E623B8428A00CBECEA /* Profile */ = {
			isa = PBXGroup;
			children = (
				53F555E723B8428A00CBECEA /* Models */,
				53F555E923B8428A00CBECEA /* Controllers */,
				53F555EB23B8428A00CBECEA /* Views */,
			);
			path = Profile;
			sourceTree = "<group>";
		};
		53F555E723B8428A00CBECEA /* Models */ = {
			isa = PBXGroup;
			children = (
				53F555E823B8428A00CBECEA /* .gitkeep */,
			);
			path = Models;
			sourceTree = "<group>";
		};
		53F555E923B8428A00CBECEA /* Controllers */ = {
			isa = PBXGroup;
			children = (
				53F5563323B846DA00CBECEA /* CEProfileViewController.h */,
				53F5563223B846D900CBECEA /* CEProfileViewController.m */,
				53F555EA23B8428A00CBECEA /* .gitkeep */,
			);
			path = Controllers;
			sourceTree = "<group>";
		};
		53F555EB23B8428A00CBECEA /* Views */ = {
			isa = PBXGroup;
			children = (
				53F555EC23B8428A00CBECEA /* .gitkeep */,
			);
			path = Views;
			sourceTree = "<group>";
		};
		53F555ED23B8428A00CBECEA /* Main */ = {
			isa = PBXGroup;
			children = (
				53F555EE23B8428A00CBECEA /* Models */,
				53F555F023B8428A00CBECEA /* Controllers */,
				53F555F223B8428A00CBECEA /* Views */,
			);
			path = Main;
			sourceTree = "<group>";
		};
		53F555EE23B8428A00CBECEA /* Models */ = {
			isa = PBXGroup;
			children = (
				53F555EF23B8428A00CBECEA /* .gitkeep */,
			);
			path = Models;
			sourceTree = "<group>";
		};
		53F555F023B8428A00CBECEA /* Controllers */ = {
			isa = PBXGroup;
			children = (
				53F5560C23B8451400CBECEA /* CEViewController.h */,
				53F5560D23B8451500CBECEA /* CEViewController.m */,
				53F555F123B8428A00CBECEA /* .gitkeep */,
				53F55DCD23BD8C1500180F20 /* CENavigationController.h */,
				53F55DCE23BD8C1500180F20 /* CENavigationController.m */,
				5381964E23C2E36F0064B8FA /* CEDefaultCenterVC.h */,
				5381964F23C2E36F0064B8FA /* CEDefaultCenterVC.m */,
			);
			path = Controllers;
			sourceTree = "<group>";
		};
		53F555F223B8428A00CBECEA /* Views */ = {
			isa = PBXGroup;
			children = (
				53F5561323B8455A00CBECEA /* CEItem.h */,
				53F5561023B8455A00CBECEA /* CEItem.m */,
				53F5560F23B8455A00CBECEA /* CETabBar.h */,
				53F5561123B8455A00CBECEA /* CETabBar.m */,
				53F5561223B8455A00CBECEA /* CETabBar2.h */,
				53F5561423B8455A00CBECEA /* CETabBar2.m */,
				53F555F323B8428A00CBECEA /* .gitkeep */,
				5381964923C2D45A0064B8FA /* CEDfaultCenterView.xib */,
				5381964B23C2DAAD0064B8FA /* CEDefaultCenterView.h */,
				5381964C23C2DAAD0064B8FA /* CEDefaultCenterView.m */,
			);
			path = Views;
			sourceTree = "<group>";
		};
		53F5560723B8429000CBECEA /* SupportFiles */ = {
			isa = PBXGroup;
			children = (
				53F5560823B8429000CBECEA /* Assets.xcassets */,
				53F5560923B8429000CBECEA /* Info.plist */,
				53824DE823B9EBE000B32FE9 /* CEWeibo-Bridging-Header.h */,
			);
			name = SupportFiles;
			path = CEWeibo/SupportFiles;
			sourceTree = SOURCE_ROOT;
		};
		A902C18590F7E21387DBD0C3 /* Pods */ = {
			isa = PBXGroup;
			children = (
				C9EBFC6CA5FD2F000D444A61 /* Pods-CEWeibo.debug.xcconfig */,
				BEA15D1F7D6CA2903994C0A5 /* Pods-CEWeibo.release.xcconfig */,
			);
			path = Pods;
			sourceTree = "<group>";
		};
		AB0E4C16BE28747535E5B017 /* Frameworks */ = {
			isa = PBXGroup;
			children = (
				DEBB7AAA3E0D7BEACEA0439C /* Pods_CEWeibo.framework */,
			);
			name = Frameworks;
			sourceTree = "<group>";
		};
/* End PBXGroup section */

/* Begin PBXNativeTarget section */
		5387895923B24E390083B362 /* CEWeibo */ = {
			isa = PBXNativeTarget;
			buildConfigurationList = 5387897323B24E3B0083B362 /* Build configuration list for PBXNativeTarget "CEWeibo" */;
			buildPhases = (
				C8BA63CCC375D5FAEEE140C7 /* [CP] Check Pods Manifest.lock */,
				5387895623B24E390083B362 /* Sources */,
				5387895723B24E390083B362 /* Frameworks */,
				5387895823B24E390083B362 /* Resources */,
				9AA089CD229DF5CB21FF7501 /* [CP] Embed Pods Frameworks */,
			);
			buildRules = (
			);
			dependencies = (
			);
			name = CEWeibo;
			productName = CEWeibo;
			productReference = 5387895A23B24E390083B362 /* CEWeibo.app */;
			productType = "com.apple.product-type.application";
		};
/* End PBXNativeTarget section */

/* Begin PBXProject section */
		5387895223B24E390083B362 /* Project object */ = {
			isa = PBXProject;
			attributes = {
				LastUpgradeCheck = 1130;
				ORGANIZATIONNAME = insignificance;
				TargetAttributes = {
					5387895923B24E390083B362 = {
						CreatedOnToolsVersion = 11.3;
						LastSwiftMigration = 1130;
					};
				};
			};
			buildConfigurationList = 5387895523B24E390083B362 /* Build configuration list for PBXProject "CEWeibo" */;
			compatibilityVersion = "Xcode 9.3";
			developmentRegion = en;
			hasScannedForEncodings = 0;
			knownRegions = (
				en,
				Base,
			);
			mainGroup = 5387895123B24E390083B362;
			productRefGroup = 5387895B23B24E390083B362 /* Products */;
			projectDirPath = "";
			projectRoot = "";
			targets = (
				5387895923B24E390083B362 /* CEWeibo */,
			);
		};
/* End PBXProject section */

/* Begin PBXResourcesBuildPhase section */
		5387895823B24E390083B362 /* Resources */ = {
			isa = PBXResourcesBuildPhase;
			buildActionMask = 2147483647;
			files = (
				5387896D23B24E3B0083B362 /* LaunchScreen.storyboard in Resources */,
				53F5562623B8468D00CBECEA /* CEStoryboard.storyboard in Resources */,
				53F5560A23B8429000CBECEA /* Assets.xcassets in Resources */,
				53CBB46623C45E4A0064C575 /* CEWelcomeVC.xib in Resources */,
				53CBB46123C45E290064C575 /* CENewfeatureVC.xib in Resources */,
				5381964A23C2D45A0064B8FA /* CEDfaultCenterView.xib in Resources */,
			);
			runOnlyForDeploymentPostprocessing = 0;
		};
/* End PBXResourcesBuildPhase section */

/* Begin PBXShellScriptBuildPhase section */
		9AA089CD229DF5CB21FF7501 /* [CP] Embed Pods Frameworks */ = {
			isa = PBXShellScriptBuildPhase;
			buildActionMask = 2147483647;
			files = (
			);
			inputFileListPaths = (
				"${PODS_ROOT}/Target Support Files/Pods-CEWeibo/Pods-CEWeibo-frameworks-${CONFIGURATION}-input-files.xcfilelist",
			);
			name = "[CP] Embed Pods Frameworks";
			outputFileListPaths = (
				"${PODS_ROOT}/Target Support Files/Pods-CEWeibo/Pods-CEWeibo-frameworks-${CONFIGURATION}-output-files.xcfilelist",
			);
			runOnlyForDeploymentPostprocessing = 0;
			shellPath = /bin/sh;
			shellScript = "\"${PODS_ROOT}/Target Support Files/Pods-CEWeibo/Pods-CEWeibo-frameworks.sh\"\n";
			showEnvVarsInLog = 0;
		};
		C8BA63CCC375D5FAEEE140C7 /* [CP] Check Pods Manifest.lock */ = {
			isa = PBXShellScriptBuildPhase;
			buildActionMask = 2147483647;
			files = (
			);
			inputFileListPaths = (
			);
			inputPaths = (
				"${PODS_PODFILE_DIR_PATH}/Podfile.lock",
				"${PODS_ROOT}/Manifest.lock",
			);
			name = "[CP] Check Pods Manifest.lock";
			outputFileListPaths = (
			);
			outputPaths = (
				"$(DERIVED_FILE_DIR)/Pods-CEWeibo-checkManifestLockResult.txt",
			);
			runOnlyForDeploymentPostprocessing = 0;
			shellPath = /bin/sh;
			shellScript = "diff \"${PODS_PODFILE_DIR_PATH}/Podfile.lock\" \"${PODS_ROOT}/Manifest.lock\" > /dev/null\nif [ $? != 0 ] ; then\n    # print error to STDERR\n    echo \"error: The sandbox is not in sync with the Podfile.lock. Run 'pod install' or update your CocoaPods installation.\" >&2\n    exit 1\nfi\n# This output is used by Xcode 'outputs' to avoid re-running this script phase.\necho \"SUCCESS\" > \"${SCRIPT_OUTPUT_FILE_0}\"\n";
			showEnvVarsInLog = 0;
		};
/* End PBXShellScriptBuildPhase section */

/* Begin PBXSourcesBuildPhase section */
		5387895623B24E390083B362 /* Sources */ = {
			isa = PBXSourcesBuildPhase;
			buildActionMask = 2147483647;
			files = (
				53F5562B23B8468D00CBECEA /* CEBarcodeNav.m in Sources */,
				5381964D23C2DAAD0064B8FA /* CEDefaultCenterView.m in Sources */,
				53814D9E23C070CD0057245C /* UIView+Frame.m in Sources */,
				53CBB46923C4685A0064C575 /* CEAccountTool.m in Sources */,
				53EBE28F23BC8EAE005E5B5A /* CEColorUtils.m in Sources */,
				5381965023C2E36F0064B8FA /* CEDefaultCenterVC.m in Sources */,
				53CBB46F23C47B120064C575 /* UIWindow+Extension.m in Sources */,
				537F803823CAC2C40064EE06 /* CEStatues.m in Sources */,
				5382CFFB23CF146500E6F332 /* NSDate+Extension.m in Sources */,
				537F803E23CAD3D70064EE06 /* CEPhoto.m in Sources */,
				53F5562E23B8469E00CBECEA /* CEDiscoverViewController.m in Sources */,
				53F5560E23B8451500CBECEA /* CEViewController.m in Sources */,
				53F5562823B8468D00CBECEA /* CEQrcodeNav.m in Sources */,
				53F5562523B8468D00CBECEA /* CEBarcodeVC.m in Sources */,
				53EBE28C23BC8E87005E5B5A /* JMGenerateQRCodeUtils.m in Sources */,
				53CBB46023C45E290064C575 /* CENewfeatureVC.m in Sources */,
				53F5563123B846C100CBECEA /* CEMessageViewController.m in Sources */,
				53EBE28423BC80BC005E5B5A /* CEMyCardVC.m in Sources */,
				537F803B23CACF4B0064EE06 /* CEUser.m in Sources */,
				53F555FC23B8428A00CBECEA /* main.m in Sources */,
				53F5563723B846FA00CBECEA /* UIBarButtonItem+CEBarButtonItem.m in Sources */,
				53F5562923B8468D00CBECEA /* CEHomeViewController.m in Sources */,
				53F55DCF23BD8C1500180F20 /* CENavigationController.m in Sources */,
				53CBB45B23C456660064C575 /* CEAccount.m in Sources */,
				5381965323C3154A0064B8FA /* CEOAuthViewController.m in Sources */,
				53F5561723B8455A00CBECEA /* CETabBar2.m in Sources */,
				53F555FB23B8428A00CBECEA /* SceneDelegate.m in Sources */,
				538F6E0E23C9CDD600628251 /* UIImage+Extension.m in Sources */,
				53F555FD23B8428A00CBECEA /* AppDelegate.m in Sources */,
				53CBB46523C45E4A0064C575 /* CEWelcomeVC.m in Sources */,
				537F9C7723D0025D008A2565 /* CERefreshGifHeader.m in Sources */,
				53F5561523B8455A00CBECEA /* CEItem.m in Sources */,
				5379947F23CF4006008A7CBB /* CEComposeVC.m in Sources */,
				5379948523CF466D008A7CBB /* CEInputTextView.m in Sources */,
				53F5563423B846DA00CBECEA /* CEProfileViewController.m in Sources */,
				53F5561623B8455A00CBECEA /* CETabBar.m in Sources */,
				53814DA723C086E50057245C /* CETitleView.m in Sources */,
				53F5562A23B8468D00CBECEA /* CEQrcodeVC.m in Sources */,
				53F5562723B8468D00CBECEA /* CEScannerController.m in Sources */,
			);
			runOnlyForDeploymentPostprocessing = 0;
		};
/* End PBXSourcesBuildPhase section */

/* Begin PBXVariantGroup section */
		5387896B23B24E3B0083B362 /* LaunchScreen.storyboard */ = {
			isa = PBXVariantGroup;
			children = (
				5387896C23B24E3B0083B362 /* Base */,
			);
			name = LaunchScreen.storyboard;
			sourceTree = "<group>";
		};
/* End PBXVariantGroup section */

/* Begin XCBuildConfiguration section */
		5387897123B24E3B0083B362 /* Debug */ = {
			isa = XCBuildConfiguration;
			buildSettings = {
				ALWAYS_SEARCH_USER_PATHS = NO;
				CLANG_ANALYZER_NONNULL = YES;
				CLANG_ANALYZER_NUMBER_OBJECT_CONVERSION = YES_AGGRESSIVE;
				CLANG_CXX_LANGUAGE_STANDARD = "gnu++14";
				CLANG_CXX_LIBRARY = "libc++";
				CLANG_ENABLE_MODULES = YES;
				CLANG_ENABLE_OBJC_ARC = YES;
				CLANG_ENABLE_OBJC_WEAK = YES;
				CLANG_WARN_BLOCK_CAPTURE_AUTORELEASING = YES;
				CLANG_WARN_BOOL_CONVERSION = YES;
				CLANG_WARN_COMMA = YES;
				CLANG_WARN_CONSTANT_CONVERSION = YES;
				CLANG_WARN_DEPRECATED_OBJC_IMPLEMENTATIONS = YES;
				CLANG_WARN_DIRECT_OBJC_ISA_USAGE = YES_ERROR;
				CLANG_WARN_DOCUMENTATION_COMMENTS = YES;
				CLANG_WARN_EMPTY_BODY = YES;
				CLANG_WARN_ENUM_CONVERSION = YES;
				CLANG_WARN_INFINITE_RECURSION = YES;
				CLANG_WARN_INT_CONVERSION = YES;
				CLANG_WARN_NON_LITERAL_NULL_CONVERSION = YES;
				CLANG_WARN_OBJC_IMPLICIT_RETAIN_SELF = YES;
				CLANG_WARN_OBJC_LITERAL_CONVERSION = YES;
				CLANG_WARN_OBJC_ROOT_CLASS = YES_ERROR;
				CLANG_WARN_RANGE_LOOP_ANALYSIS = YES;
				CLANG_WARN_STRICT_PROTOTYPES = YES;
				CLANG_WARN_SUSPICIOUS_MOVE = YES;
				CLANG_WARN_UNGUARDED_AVAILABILITY = YES_AGGRESSIVE;
				CLANG_WARN_UNREACHABLE_CODE = YES;
				CLANG_WARN__DUPLICATE_METHOD_MATCH = YES;
				COPY_PHASE_STRIP = NO;
				DEBUG_INFORMATION_FORMAT = dwarf;
				DEFINES_MODULE = YES;
				ENABLE_STRICT_OBJC_MSGSEND = YES;
				ENABLE_TESTABILITY = YES;
				GCC_C_LANGUAGE_STANDARD = gnu11;
				GCC_DYNAMIC_NO_PIC = NO;
				GCC_NO_COMMON_BLOCKS = YES;
				GCC_OPTIMIZATION_LEVEL = 0;
				GCC_PREPROCESSOR_DEFINITIONS = (
					"DEBUG=1",
					"$(inherited)",
				);
				GCC_WARN_64_TO_32_BIT_CONVERSION = YES;
				GCC_WARN_ABOUT_RETURN_TYPE = YES_ERROR;
				GCC_WARN_UNDECLARED_SELECTOR = YES;
				GCC_WARN_UNINITIALIZED_AUTOS = YES_AGGRESSIVE;
				GCC_WARN_UNUSED_FUNCTION = YES;
				GCC_WARN_UNUSED_VARIABLE = YES;
				IPHONEOS_DEPLOYMENT_TARGET = 12.1;
				MTL_ENABLE_DEBUG_INFO = INCLUDE_SOURCE;
				MTL_FAST_MATH = YES;
				ONLY_ACTIVE_ARCH = YES;
				SDKROOT = iphoneos;
			};
			name = Debug;
		};
		5387897223B24E3B0083B362 /* Release */ = {
			isa = XCBuildConfiguration;
			buildSettings = {
				ALWAYS_SEARCH_USER_PATHS = NO;
				CLANG_ANALYZER_NONNULL = YES;
				CLANG_ANALYZER_NUMBER_OBJECT_CONVERSION = YES_AGGRESSIVE;
				CLANG_CXX_LANGUAGE_STANDARD = "gnu++14";
				CLANG_CXX_LIBRARY = "libc++";
				CLANG_ENABLE_MODULES = YES;
				CLANG_ENABLE_OBJC_ARC = YES;
				CLANG_ENABLE_OBJC_WEAK = YES;
				CLANG_WARN_BLOCK_CAPTURE_AUTORELEASING = YES;
				CLANG_WARN_BOOL_CONVERSION = YES;
				CLANG_WARN_COMMA = YES;
				CLANG_WARN_CONSTANT_CONVERSION = YES;
				CLANG_WARN_DEPRECATED_OBJC_IMPLEMENTATIONS = YES;
				CLANG_WARN_DIRECT_OBJC_ISA_USAGE = YES_ERROR;
				CLANG_WARN_DOCUMENTATION_COMMENTS = YES;
				CLANG_WARN_EMPTY_BODY = YES;
				CLANG_WARN_ENUM_CONVERSION = YES;
				CLANG_WARN_INFINITE_RECURSION = YES;
				CLANG_WARN_INT_CONVERSION = YES;
				CLANG_WARN_NON_LITERAL_NULL_CONVERSION = YES;
				CLANG_WARN_OBJC_IMPLICIT_RETAIN_SELF = YES;
				CLANG_WARN_OBJC_LITERAL_CONVERSION = YES;
				CLANG_WARN_OBJC_ROOT_CLASS = YES_ERROR;
				CLANG_WARN_RANGE_LOOP_ANALYSIS = YES;
				CLANG_WARN_STRICT_PROTOTYPES = YES;
				CLANG_WARN_SUSPICIOUS_MOVE = YES;
				CLANG_WARN_UNGUARDED_AVAILABILITY = YES_AGGRESSIVE;
				CLANG_WARN_UNREACHABLE_CODE = YES;
				CLANG_WARN__DUPLICATE_METHOD_MATCH = YES;
				COPY_PHASE_STRIP = NO;
				DEBUG_INFORMATION_FORMAT = "dwarf-with-dsym";
				DEFINES_MODULE = YES;
				ENABLE_NS_ASSERTIONS = NO;
				ENABLE_STRICT_OBJC_MSGSEND = YES;
				GCC_C_LANGUAGE_STANDARD = gnu11;
				GCC_NO_COMMON_BLOCKS = YES;
				GCC_WARN_64_TO_32_BIT_CONVERSION = YES;
				GCC_WARN_ABOUT_RETURN_TYPE = YES_ERROR;
				GCC_WARN_UNDECLARED_SELECTOR = YES;
				GCC_WARN_UNINITIALIZED_AUTOS = YES_AGGRESSIVE;
				GCC_WARN_UNUSED_FUNCTION = YES;
				GCC_WARN_UNUSED_VARIABLE = YES;
				IPHONEOS_DEPLOYMENT_TARGET = 12.1;
				MTL_ENABLE_DEBUG_INFO = NO;
				MTL_FAST_MATH = YES;
				SDKROOT = iphoneos;
				SWIFT_COMPILATION_MODE = wholemodule;
				VALIDATE_PRODUCT = YES;
			};
			name = Release;
		};
		5387897423B24E3B0083B362 /* Debug */ = {
			isa = XCBuildConfiguration;
			baseConfigurationReference = C9EBFC6CA5FD2F000D444A61 /* Pods-CEWeibo.debug.xcconfig */;
			buildSettings = {
				ASSETCATALOG_COMPILER_APPICON_NAME = AppIcon;
				CLANG_ENABLE_MODULES = YES;
				CLANG_WARN_MISSING_NOESCAPE = YES;
				CODE_SIGN_STYLE = Automatic;
				DEVELOPMENT_TEAM = J539EVW3ZD;
				GCC_PREFIX_HEADER = "$(SRCROOT)/PrefixHeader.pch";
				INFOPLIST_FILE = CEWeibo/SupportFiles/Info.plist;
				LD_RUNPATH_SEARCH_PATHS = (
					"$(inherited)",
					"@executable_path/Frameworks",
				);
				PRODUCT_BUNDLE_IDENTIFIER = com.xy.CEWeibo;
				PRODUCT_NAME = "$(TARGET_NAME)";
				SWIFT_OBJC_BRIDGING_HEADER = "CEWeibo/SupportFiles/CEWeibo-Bridging-Header.h";
				SWIFT_OPTIMIZATION_LEVEL = "-Onone";
				SWIFT_VERSION = 5.0;
				TARGETED_DEVICE_FAMILY = 1;
			};
			name = Debug;
		};
		5387897523B24E3B0083B362 /* Release */ = {
			isa = XCBuildConfiguration;
			baseConfigurationReference = BEA15D1F7D6CA2903994C0A5 /* Pods-CEWeibo.release.xcconfig */;
			buildSettings = {
				ASSETCATALOG_COMPILER_APPICON_NAME = AppIcon;
				CLANG_ENABLE_MODULES = YES;
				CLANG_WARN_MISSING_NOESCAPE = YES;
				CODE_SIGN_STYLE = Automatic;
				DEVELOPMENT_TEAM = J539EVW3ZD;
				GCC_PREFIX_HEADER = "$(SRCROOT)/PrefixHeader.pch";
				INFOPLIST_FILE = CEWeibo/SupportFiles/Info.plist;
				LD_RUNPATH_SEARCH_PATHS = (
					"$(inherited)",
					"@executable_path/Frameworks",
				);
				PRODUCT_BUNDLE_IDENTIFIER = com.xy.CEWeibo;
				PRODUCT_NAME = "$(TARGET_NAME)";
				SWIFT_OBJC_BRIDGING_HEADER = "CEWeibo/SupportFiles/CEWeibo-Bridging-Header.h";
				SWIFT_VERSION = 5.0;
				TARGETED_DEVICE_FAMILY = 1;
			};
			name = Release;
		};
/* End XCBuildConfiguration section */

/* Begin XCConfigurationList section */
		5387895523B24E390083B362 /* Build configuration list for PBXProject "CEWeibo" */ = {
			isa = XCConfigurationList;
			buildConfigurations = (
				5387897123B24E3B0083B362 /* Debug */,
				5387897223B24E3B0083B362 /* Release */,
			);
			defaultConfigurationIsVisible = 0;
			defaultConfigurationName = Release;
		};
		5387897323B24E3B0083B362 /* Build configuration list for PBXNativeTarget "CEWeibo" */ = {
			isa = XCConfigurationList;
			buildConfigurations = (
				5387897423B24E3B0083B362 /* Debug */,
				5387897523B24E3B0083B362 /* Release */,
			);
			defaultConfigurationIsVisible = 0;
			defaultConfigurationName = Release;
		};
/* End XCConfigurationList section */
	};
	rootObject = 5387895223B24E390083B362 /* Project object */;
}
